// !$*UTF8*$!
{
	archiveVersion = 1;
	classes = {
	};
	objectVersion = 46;
	objects = {

/* Begin PBXBuildFile section */
		FB1EB4ED1DCF3A0500DECB0F /* SwarmIntelligenceTests.swift in Sources */ = {isa = PBXBuildFile; fileRef = FB1EB4EC1DCF3A0500DECB0F /* SwarmIntelligenceTests.swift */; };
		FB1EB5271DCF62B800DECB0F /* fish.png in Resources */ = {isa = PBXBuildFile; fileRef = FB1EB5261DCF62B800DECB0F /* fish.png */; };
		FB1EB5291DCF648200DECB0F /* SpriteScene.swift in Sources */ = {isa = PBXBuildFile; fileRef = FB1EB5281DCF648200DECB0F /* SpriteScene.swift */; };
		FB24F4CF1DCB461B007DB196 /* MetalController.swift in Sources */ = {isa = PBXBuildFile; fileRef = FB24F4CE1DCB461B007DB196 /* MetalController.swift */; };
		FB77480F1DD0750B00202836 /* Fish.swift in Sources */ = {isa = PBXBuildFile; fileRef = FB77480E1DD0750B00202836 /* Fish.swift */; };
		FB905BFD1DA22B0600031976 /* AppDelegate.swift in Sources */ = {isa = PBXBuildFile; fileRef = FB905BFC1DA22B0600031976 /* AppDelegate.swift */; };
		FB905BFF1DA22B0600031976 /* ViewController.swift in Sources */ = {isa = PBXBuildFile; fileRef = FB905BFE1DA22B0600031976 /* ViewController.swift */; };
		FB905C021DA22B0600031976 /* Main.storyboard in Resources */ = {isa = PBXBuildFile; fileRef = FB905C001DA22B0600031976 /* Main.storyboard */; };
		FB905C041DA22B0600031976 /* Assets.xcassets in Resources */ = {isa = PBXBuildFile; fileRef = FB905C031DA22B0600031976 /* Assets.xcassets */; };
		FB905C071DA22B0600031976 /* LaunchScreen.storyboard in Resources */ = {isa = PBXBuildFile; fileRef = FB905C051DA22B0600031976 /* LaunchScreen.storyboard */; };
		FB905C0F1DA233B500031976 /* Shaders.metal in Sources */ = {isa = PBXBuildFile; fileRef = FB905C0E1DA233B500031976 /* Shaders.metal */; };
/* End PBXBuildFile section */

/* Begin PBXContainerItemProxy section */
		FB1EB4EF1DCF3A0500DECB0F /* PBXContainerItemProxy */ = {
			isa = PBXContainerItemProxy;
			containerPortal = FB905BF11DA22B0600031976 /* Project object */;
			proxyType = 1;
			remoteGlobalIDString = FB905BF81DA22B0600031976;
			remoteInfo = SwarmIntelligence;
		};
/* End PBXContainerItemProxy section */

/* Begin PBXFileReference section */
		FB1EB4EA1DCF3A0400DECB0F /* SwarmIntelligenceTests.xctest */ = {isa = PBXFileReference; explicitFileType = wrapper.cfbundle; includeInIndex = 0; path = SwarmIntelligenceTests.xctest; sourceTree = BUILT_PRODUCTS_DIR; };
		FB1EB4EC1DCF3A0500DECB0F /* SwarmIntelligenceTests.swift */ = {isa = PBXFileReference; lastKnownFileType = sourcecode.swift; path = SwarmIntelligenceTests.swift; sourceTree = "<group>"; };
		FB1EB4EE1DCF3A0500DECB0F /* Info.plist */ = {isa = PBXFileReference; lastKnownFileType = text.plist.xml; path = Info.plist; sourceTree = "<group>"; };
		FB1EB5261DCF62B800DECB0F /* fish.png */ = {isa = PBXFileReference; lastKnownFileType = image.png; path = fish.png; sourceTree = "<group>"; };
		FB1EB5281DCF648200DECB0F /* SpriteScene.swift */ = {isa = PBXFileReference; fileEncoding = 4; lastKnownFileType = sourcecode.swift; path = SpriteScene.swift; sourceTree = "<group>"; };
		FB24F4CE1DCB461B007DB196 /* MetalController.swift */ = {isa = PBXFileReference; fileEncoding = 4; lastKnownFileType = sourcecode.swift; path = MetalController.swift; sourceTree = "<group>"; };
		FB77480E1DD0750B00202836 /* Fish.swift */ = {isa = PBXFileReference; fileEncoding = 4; lastKnownFileType = sourcecode.swift; path = Fish.swift; sourceTree = "<group>"; };
		FB905BF91DA22B0600031976 /* SwarmIntelligence.app */ = {isa = PBXFileReference; explicitFileType = wrapper.application; includeInIndex = 0; path = SwarmIntelligence.app; sourceTree = BUILT_PRODUCTS_DIR; };
		FB905BFC1DA22B0600031976 /* AppDelegate.swift */ = {isa = PBXFileReference; lastKnownFileType = sourcecode.swift; path = AppDelegate.swift; sourceTree = "<group>"; };
		FB905BFE1DA22B0600031976 /* ViewController.swift */ = {isa = PBXFileReference; lastKnownFileType = sourcecode.swift; path = ViewController.swift; sourceTree = "<group>"; };
		FB905C011DA22B0600031976 /* Base */ = {isa = PBXFileReference; lastKnownFileType = file.storyboard; name = Base; path = Base.lproj/Main.storyboard; sourceTree = "<group>"; };
		FB905C031DA22B0600031976 /* Assets.xcassets */ = {isa = PBXFileReference; lastKnownFileType = folder.assetcatalog; path = Assets.xcassets; sourceTree = "<group>"; };
		FB905C061DA22B0600031976 /* Base */ = {isa = PBXFileReference; lastKnownFileType = file.storyboard; name = Base; path = Base.lproj/LaunchScreen.storyboard; sourceTree = "<group>"; };
		FB905C081DA22B0600031976 /* Info.plist */ = {isa = PBXFileReference; lastKnownFileType = text.plist.xml; path = Info.plist; sourceTree = "<group>"; };
		FB905C0E1DA233B500031976 /* Shaders.metal */ = {isa = PBXFileReference; fileEncoding = 4; lastKnownFileType = sourcecode.metal; path = Shaders.metal; sourceTree = "<group>"; };
/* End PBXFileReference section */

/* Begin PBXFrameworksBuildPhase section */
		FB1EB4E71DCF3A0400DECB0F /* Frameworks */ = {
			isa = PBXFrameworksBuildPhase;
			buildActionMask = 2147483647;
			files = (
			);
			runOnlyForDeploymentPostprocessing = 0;
		};
		FB905BF61DA22B0600031976 /* Frameworks */ = {
			isa = PBXFrameworksBuildPhase;
			buildActionMask = 2147483647;
			files = (
			);
			runOnlyForDeploymentPostprocessing = 0;
		};
/* End PBXFrameworksBuildPhase section */

/* Begin PBXGroup section */
		FB1EB4EB1DCF3A0500DECB0F /* SwarmIntelligenceTests */ = {
			isa = PBXGroup;
			children = (
				FB1EB4EC1DCF3A0500DECB0F /* SwarmIntelligenceTests.swift */,
				FB1EB4EE1DCF3A0500DECB0F /* Info.plist */,
			);
			path = SwarmIntelligenceTests;
			sourceTree = "<group>";
		};
		FB905BF01DA22B0600031976 = {
			isa = PBXGroup;
			children = (
				FB1EB5261DCF62B800DECB0F /* fish.png */,
				FB905BFB1DA22B0600031976 /* SwarmIntelligence */,
				FB1EB4EB1DCF3A0500DECB0F /* SwarmIntelligenceTests */,
				FB905BFA1DA22B0600031976 /* Products */,
			);
			sourceTree = "<group>";
		};
		FB905BFA1DA22B0600031976 /* Products */ = {
			isa = PBXGroup;
			children = (
				FB905BF91DA22B0600031976 /* SwarmIntelligence.app */,
				FB1EB4EA1DCF3A0400DECB0F /* SwarmIntelligenceTests.xctest */,
			);
			name = Products;
			sourceTree = "<group>";
		};
		FB905BFB1DA22B0600031976 /* SwarmIntelligence */ = {
			isa = PBXGroup;
			children = (
				FB905BFC1DA22B0600031976 /* AppDelegate.swift */,
				FB905BFE1DA22B0600031976 /* ViewController.swift */,
				FB77480E1DD0750B00202836 /* Fish.swift */,
				FB1EB5281DCF648200DECB0F /* SpriteScene.swift */,
				FB24F4CE1DCB461B007DB196 /* MetalController.swift */,
				FB905C0E1DA233B500031976 /* Shaders.metal */,
				FB905C001DA22B0600031976 /* Main.storyboard */,
				FB905C031DA22B0600031976 /* Assets.xcassets */,
				FB905C051DA22B0600031976 /* LaunchScreen.storyboard */,
				FB905C081DA22B0600031976 /* Info.plist */,
			);
			name = SwarmIntelligence;
			path = GPUCalc1;
			sourceTree = "<group>";
		};
/* End PBXGroup section */

/* Begin PBXNativeTarget section */
		FB1EB4E91DCF3A0400DECB0F /* SwarmIntelligenceTests */ = {
			isa = PBXNativeTarget;
			buildConfigurationList = FB1EB4F11DCF3A0500DECB0F /* Build configuration list for PBXNativeTarget "SwarmIntelligenceTests" */;
			buildPhases = (
				FB1EB4E61DCF3A0400DECB0F /* Sources */,
				FB1EB4E71DCF3A0400DECB0F /* Frameworks */,
				FB1EB4E81DCF3A0400DECB0F /* Resources */,
			);
			buildRules = (
			);
			dependencies = (
				FB1EB4F01DCF3A0500DECB0F /* PBXTargetDependency */,
			);
			name = SwarmIntelligenceTests;
			productName = SwarmIntelligenceTests;
			productReference = FB1EB4EA1DCF3A0400DECB0F /* SwarmIntelligenceTests.xctest */;
			productType = "com.apple.product-type.bundle.unit-test";
		};
		FB905BF81DA22B0600031976 /* SwarmIntelligence */ = {
			isa = PBXNativeTarget;
			buildConfigurationList = FB905C0B1DA22B0600031976 /* Build configuration list for PBXNativeTarget "SwarmIntelligence" */;
			buildPhases = (
				FB905BF51DA22B0600031976 /* Sources */,
				FB905BF61DA22B0600031976 /* Frameworks */,
				FB905BF71DA22B0600031976 /* Resources */,
			);
			buildRules = (
			);
			dependencies = (
			);
			name = SwarmIntelligence;
			productName = GPUCalc1;
			productReference = FB905BF91DA22B0600031976 /* SwarmIntelligence.app */;
			productType = "com.apple.product-type.application";
		};
/* End PBXNativeTarget section */

/* Begin PBXProject section */
		FB905BF11DA22B0600031976 /* Project object */ = {
			isa = PBXProject;
			attributes = {
				LastSwiftUpdateCheck = 0810;
				LastUpgradeCheck = 0810;
				ORGANIZATIONNAME = Yukinaga;
				TargetAttributes = {
					FB1EB4E91DCF3A0400DECB0F = {
						CreatedOnToolsVersion = 8.1;
						DevelopmentTeam = P9M57RDE9E;
						ProvisioningStyle = Automatic;
						TestTargetID = FB905BF81DA22B0600031976;
					};
					FB905BF81DA22B0600031976 = {
						CreatedOnToolsVersion = 8.0;
						DevelopmentTeam = P9M57RDE9E;
						ProvisioningStyle = Automatic;
					};
				};
			};
			buildConfigurationList = FB905BF41DA22B0600031976 /* Build configuration list for PBXProject "SwarmIntelligence" */;
			compatibilityVersion = "Xcode 3.2";
			developmentRegion = English;
			hasScannedForEncodings = 0;
			knownRegions = (
				en,
				Base,
			);
			mainGroup = FB905BF01DA22B0600031976;
			productRefGroup = FB905BFA1DA22B0600031976 /* Products */;
			projectDirPath = "";
			projectRoot = "";
			targets = (
				FB905BF81DA22B0600031976 /* SwarmIntelligence */,
				FB1EB4E91DCF3A0400DECB0F /* SwarmIntelligenceTests */,
			);
		};
/* End PBXProject section */

/* Begin PBXResourcesBuildPhase section */
		FB1EB4E81DCF3A0400DECB0F /* Resources */ = {
			isa = PBXResourcesBuildPhase;
			buildActionMask = 2147483647;
			files = (
			);
			runOnlyForDeploymentPostprocessing = 0;
		};
		FB905BF71DA22B0600031976 /* Resources */ = {
			isa = PBXResourcesBuildPhase;
			buildActionMask = 2147483647;
			files = (
				FB905C071DA22B0600031976 /* LaunchScreen.storyboard in Resources */,
				FB905C041DA22B0600031976 /* Assets.xcassets in Resources */,
				FB1EB5271DCF62B800DECB0F /* fish.png in Resources */,
				FB905C021DA22B0600031976 /* Main.storyboard in Resources */,
			);
			runOnlyForDeploymentPostprocessing = 0;
		};
/* End PBXResourcesBuildPhase section */

/* Begin PBXSourcesBuildPhase section */
		FB1EB4E61DCF3A0400DECB0F /* Sources */ = {
			isa = PBXSourcesBuildPhase;
			buildActionMask = 2147483647;
			files = (
				FB1EB4ED1DCF3A0500DECB0F /* SwarmIntelligenceTests.swift in Sources */,
			);
			runOnlyForDeploymentPostprocessing = 0;
		};
		FB905BF51DA22B0600031976 /* Sources */ = {
			isa = PBXSourcesBuildPhase;
			buildActionMask = 2147483647;
			files = (
				FB905C0F1DA233B500031976 /* Shaders.metal in Sources */,
				FB77480F1DD0750B00202836 /* Fish.swift in Sources */,
				FB905BFF1DA22B0600031976 /* ViewController.swift in Sources */,
				FB1EB5291DCF648200DECB0F /* SpriteScene.swift in Sources */,
				FB24F4CF1DCB461B007DB196 /* MetalController.swift in Sources */,
				FB905BFD1DA22B0600031976 /* AppDelegate.swift in Sources */,
			);
			runOnlyForDeploymentPostprocessing = 0;
		};
/* End PBXSourcesBuildPhase section */

/* Begin PBXTargetDependency section */
		FB1EB4F01DCF3A0500DECB0F /* PBXTargetDependency */ = {
			isa = PBXTargetDependency;
			target = FB905BF81DA22B0600031976 /* SwarmIntelligence */;
			targetProxy = FB1EB4EF1DCF3A0500DECB0F /* PBXContainerItemProxy */;
		};
/* End PBXTargetDependency section */

/* Begin PBXVariantGroup section */
		FB905C001DA22B0600031976 /* Main.storyboard */ = {
			isa = PBXVariantGroup;
			children = (
				FB905C011DA22B0600031976 /* Base */,
			);
			name = Main.storyboard;
			sourceTree = "<group>";
		};
		FB905C051DA22B0600031976 /* LaunchScreen.storyboard */ = {
			isa = PBXVariantGroup;
			children = (
				FB905C061DA22B0600031976 /* Base */,
			);
			name = LaunchScreen.storyboard;
			sourceTree = "<group>";
		};
/* End PBXVariantGroup section */

/* Begin XCBuildConfiguration section */
		FB1EB4F21DCF3A0500DECB0F /* Debug */ = {
			isa = XCBuildConfiguration;
			buildSettings = {
				BUNDLE_LOADER = "$(TEST_HOST)";
				DEVELOPMENT_TEAM = P9M57RDE9E;
				INFOPLIST_FILE = SwarmIntelligenceTests/Info.plist;
				IPHONEOS_DEPLOYMENT_TARGET = 10.1;
				LD_RUNPATH_SEARCH_PATHS = "$(inherited) @executable_path/Frameworks @loader_path/Frameworks";
				PRODUCT_BUNDLE_IDENTIFIER = com.saiilab.SwarmIntelligenceTests;
				PRODUCT_NAME = "$(TARGET_NAME)";
				SWIFT_VERSION = 3.0;
				TEST_HOST = "$(BUILT_PRODUCTS_DIR)/SwarmIntelligence.app/SwarmIntelligence";
			};
			name = Debug;
		};
		FB1EB4F31DCF3A0500DECB0F /* Release */ = {
			isa = XCBuildConfiguration;
			buildSettings = {
				BUNDLE_LOADER = "$(TEST_HOST)";
				DEVELOPMENT_TEAM = P9M57RDE9E;
				INFOPLIST_FILE = SwarmIntelligenceTests/Info.plist;
				IPHONEOS_DEPLOYMENT_TARGET = 10.1;
				LD_RUNPATH_SEARCH_PATHS = "$(inherited) @executable_path/Frameworks @loader_path/Frameworks";
				PRODUCT_BUNDLE_IDENTIFIER = com.saiilab.SwarmIntelligenceTests;
				PRODUCT_NAME = "$(TARGET_NAME)";
				SWIFT_VERSION = 3.0;
				TEST_HOST = "$(BUILT_PRODUCTS_DIR)/SwarmIntelligence.app/SwarmIntelligence";
			};
			name = Release;
		};
		FB905C091DA22B0600031976 /* Debug */ = {
			isa = XCBuildConfiguration;
			buildSettings = {
				ALWAYS_SEARCH_USER_PATHS = NO;
				CLANG_ANALYZER_NONNULL = YES;
				CLANG_CXX_LANGUAGE_STANDARD = "gnu++0x";
				CLANG_CXX_LIBRARY = "libc++";
				CLANG_ENABLE_MODULES = YES;
				CLANG_ENABLE_OBJC_ARC = YES;
				CLANG_WARN_BOOL_CONVERSION = YES;
				CLANG_WARN_CONSTANT_CONVERSION = YES;
				CLANG_WARN_DIRECT_OBJC_ISA_USAGE = YES_ERROR;
				CLANG_WARN_DOCUMENTATION_COMMENTS = YES;
				CLANG_WARN_EMPTY_BODY = YES;
				CLANG_WARN_ENUM_CONVERSION = YES;
				CLANG_WARN_INFINITE_RECURSION = YES;
				CLANG_WARN_INT_CONVERSION = YES;
				CLANG_WARN_OBJC_ROOT_CLASS = YES_ERROR;
				CLANG_WARN_SUSPICIOUS_MOVE = YES;
				CLANG_WARN_SUSPICIOUS_MOVES = YES;
				CLANG_WARN_UNREACHABLE_CODE = YES;
				CLANG_WARN__DUPLICATE_METHOD_MATCH = YES;
				"CODE_SIGN_IDENTITY[sdk=iphoneos*]" = "iPhone Developer";
				COPY_PHASE_STRIP = NO;
				DEBUG_INFORMATION_FORMAT = dwarf;
				ENABLE_STRICT_OBJC_MSGSEND = YES;
				ENABLE_TESTABILITY = YES;
				GCC_C_LANGUAGE_STANDARD = gnu99;
				GCC_DYNAMIC_NO_PIC = NO;
				GCC_NO_COMMON_BLOCKS = YES;
				GCC_OPTIMIZATION_LEVEL = 0;
				GCC_PREPROCESSOR_DEFINITIONS = (
					"DEBUG=1",
					"$(inherited)",
				);
				GCC_WARN_64_TO_32_BIT_CONVERSION = YES;
				GCC_WARN_ABOUT_RETURN_TYPE = YES_ERROR;
				GCC_WARN_UNDECLARED_SELECTOR = YES;
				GCC_WARN_UNINITIALIZED_AUTOS = YES_AGGRESSIVE;
				GCC_WARN_UNUSED_FUNCTION = YES;
				GCC_WARN_UNUSED_VARIABLE = YES;
				IPHONEOS_DEPLOYMENT_TARGET = 10.0;
				MTL_ENABLE_DEBUG_INFO = YES;
				ONLY_ACTIVE_ARCH = YES;
				SDKROOT = iphoneos;
				SWIFT_ACTIVE_COMPILATION_CONDITIONS = DEBUG;
				SWIFT_OPTIMIZATION_LEVEL = "-Onone";
				TARGETED_DEVICE_FAMILY = "1,2";
			};
			name = Debug;
		};
		FB905C0A1DA22B0600031976 /* Release */ = {
			isa = XCBuildConfiguration;
			buildSettings = {
				ALWAYS_SEARCH_USER_PATHS = NO;
				CLANG_ANALYZER_NONNULL = YES;
				CLANG_CXX_LANGUAGE_STANDARD = "gnu++0x";
				CLANG_CXX_LIBRARY = "libc++";
				CLANG_ENABLE_MODULES = YES;
				CLANG_ENABLE_OBJC_ARC = YES;
				CLANG_WARN_BOOL_CONVERSION = YES;
				CLANG_WARN_CONSTANT_CONVERSION = YES;
				CLANG_WARN_DIRECT_OBJC_ISA_USAGE = YES_ERROR;
				CLANG_WARN_DOCUMENTATION_COMMENTS = YES;
				CLANG_WARN_EMPTY_BODY = YES;
				CLANG_WARN_ENUM_CONVERSION = YES;
				CLANG_WARN_INFINITE_RECURSION = YES;
				CLANG_WARN_INT_CONVERSION = YES;
				CLANG_WARN_OBJC_ROOT_CLASS = YES_ERROR;
				CLANG_WARN_SUSPICIOUS_MOVE = YES;
				CLANG_WARN_SUSPICIOUS_MOVES = YES;
				CLANG_WARN_UNREACHABLE_CODE = YES;
				CLANG_WARN__DUPLICATE_METHOD_MATCH = YES;
				"CODE_SIGN_IDENTITY[sdk=iphoneos*]" = "iPhone Developer";
				COPY_PHASE_STRIP = NO;
				DEBUG_INFORMATION_FORMAT = "dwarf-with-dsym";
				ENABLE_NS_ASSERTIONS = NO;
				ENABLE_STRICT_OBJC_MSGSEND = YES;
				GCC_C_LANGUAGE_STANDARD = gnu99;
				GCC_NO_COMMON_BLOCKS = YES;
				GCC_WARN_64_TO_32_BIT_CONVERSION = YES;
				GCC_WARN_ABOUT_RETURN_TYPE = YES_ERROR;
				GCC_WARN_UNDECLARED_SELECTOR = YES;
				GCC_WARN_UNINITIALIZED_AUTOS = YES_AGGRESSIVE;
				GCC_WARN_UNUSED_FUNCTION = YES;
				GCC_WARN_UNUSED_VARIABLE = YES;
				IPHONEOS_DEPLOYMENT_TARGET = 10.0;
				MTL_ENABLE_DEBUG_INFO = NO;
				SDKROOT = iphoneos;
				SWIFT_OPTIMIZATION_LEVEL = "-Owholemodule";
				TARGETED_DEVICE_FAMILY = "1,2";
				VALIDATE_PRODUCT = YES;
			};
			name = Release;
		};
		FB905C0C1DA22B0600031976 /* Debug */ = {
			isa = XCBuildConfiguration;
			buildSettings = {
				ASSETCATALOG_COMPILER_APPICON_NAME = AppIcon;
				DEVELOPMENT_TEAM = P9M57RDE9E;
				GCC_OPTIMIZATION_LEVEL = 0;
				INFOPLIST_FILE = GPUCalc1/Info.plist;
				IPHONEOS_DEPLOYMENT_TARGET = 10.0;
				LD_RUNPATH_SEARCH_PATHS = "$(inherited) @executable_path/Frameworks";
				MTL_FAST_MATH = NO;
				MTL_OPTIMIZATION_LEVEL = s;
				PRODUCT_BUNDLE_IDENTIFIER = com.aeroapps.GPUCalc1;
				PRODUCT_NAME = "$(TARGET_NAME)";
				SWIFT_OPTIMIZATION_LEVEL = "-Onone";
				SWIFT_VERSION = 3.0;
			};
			name = Debug;
		};
		FB905C0D1DA22B0600031976 /* Release */ = {
			isa = XCBuildConfiguration;
			buildSettings = {
				ASSETCATALOG_COMPILER_APPICON_NAME = AppIcon;
				DEVELOPMENT_TEAM = P9M57RDE9E;
				GCC_OPTIMIZATION_LEVEL = s;
				INFOPLIST_FILE = GPUCalc1/Info.plist;
				IPHONEOS_DEPLOYMENT_TARGET = 10.0;
				LD_RUNPATH_SEARCH_PATHS = "$(inherited) @executable_path/Frameworks";
				MTL_FAST_MATH = NO;
				MTL_OPTIMIZATION_LEVEL = s;
				PRODUCT_BUNDLE_IDENTIFIER = com.aeroapps.GPUCalc1;
				PRODUCT_NAME = "$(TARGET_NAME)";
				SWIFT_VERSION = 3.0;
			};
			name = Release;
		};
/* End XCBuildConfiguration section */

/* Begin XCConfigurationList section */
		FB1EB4F11DCF3A0500DECB0F /* Build configuration list for PBXNativeTarget "SwarmIntelligenceTests" */ = {
			isa = XCConfigurationList;
			buildConfigurations = (
				FB1EB4F21DCF3A0500DECB0F /* Debug */,
				FB1EB4F31DCF3A0500DECB0F /* Release */,
			);
			defaultConfigurationIsVisible = 0;
			defaultConfigurationName = Release;
		};
		FB905BF41DA22B0600031976 /* Build configuration list for PBXProject "SwarmIntelligence" */ = {
			isa = XCConfigurationList;
			buildConfigurations = (
				FB905C091DA22B0600031976 /* Debug */,
				FB905C0A1DA22B0600031976 /* Release */,
			);
			defaultConfigurationIsVisible = 0;
			defaultConfigurationName = Release;
		};
		FB905C0B1DA22B0600031976 /* Build configuration list for PBXNativeTarget "SwarmIntelligence" */ = {
			isa = XCConfigurationList;
			buildConfigurations = (
				FB905C0C1DA22B0600031976 /* Debug */,
				FB905C0D1DA22B0600031976 /* Release */,
			);
			defaultConfigurationIsVisible = 0;
			defaultConfigurationName = Release;
		};
/* End XCConfigurationList section */
	};
	rootObject = FB905BF11DA22B0600031976 /* Project object */;
}
